
Microsoft Visual Studio Solution File, Format Version 12.00
# Visual Studio 15
VisualStudioVersion = 15.0.26430.14
MinimumVisualStudioVersion = 10.0.40219.1
Project("{FAE04EC0-301F-11D3-BF4B-00C04F79EFBC}") = "ServerApp", "ConsoleApp2\ServerApp.csproj", "{E518AEC7-46DC-4DA0-8C12-98181AAF66CE}"
EndProject
Project("{FAE04EC0-301F-11D3-BF4B-00C04F79EFBC}") = "ClientApp", "ClientApp\ClientApp.csproj", "{F1841EB1-4328-4D01-BE0E-DD68DDC549F5}"
EndProject
Global
	GlobalSection(SolutionConfigurationPlatforms) = preSolution
		Debug|Any CPU = Debug|Any CPU
		Release|Any CPU = Release|Any CPU
	EndGlobalSection
	GlobalSection(ProjectConfigurationPlatforms) = postSolution
		{E518AEC7-46DC-4DA0-8C12-98181AAF66CE}.Debug|Any CPU.ActiveCfg = Debug|Any CPU
		{E518AEC7-46DC-4DA0-8C12-98181AAF66CE}.Debug|Any CPU.Build.0 = Debug|Any CPU
		{E518AEC7-46DC-4DA0-8C12-98181AAF66CE}.Release|Any CPU.ActiveCfg = Release|Any CPU
		{E518AEC7-46DC-4DA0-8C12-98181AAF66CE}.Release|Any CPU.Build.0 = Release|Any CPU
		{F1841EB1-4328-4D01-BE0E-DD68DDC549F5}.Debug|Any CPU.ActiveCfg = Debug|Any CPU
		{F1841EB1-4328-4D01-BE0E-DD68DDC549F5}.Debug|Any CPU.Build.0 = Debug|Any CPU
		{F1841EB1-4328-4D01-BE0E-DD68DDC549F5}.Release|Any CPU.ActiveCfg = Release|Any CPU
		{F1841EB1-4328-4D01-BE0E-DD68DDC549F5}.Release|Any CPU.Build.0 = Release|Any CPU
	EndGlobalSection
	GlobalSection(SolutionProperties) = preSolution
		HideSolutionNode = FALSE
	EndGlobalSection
EndGlobal
